
Microsoft Visual Studio Solution File, Format Version 12.00
# Visual Studio Version 16
VisualStudioVersion = 16.0.29709.97
MinimumVisualStudioVersion = 10.0.40219.1
Project("{FAE04EC0-301F-11D3-BF4B-00C04F79EFBC}") = "tp2", "tp2\tp2.csproj", "{B3516CE9-AB86-406B-BCEB-612261FB42CC}"
EndProject
Global
	GlobalSection(SolutionConfigurationPlatforms) = preSolution
		Debug|Any CPU = Debug|Any CPU
		Release|Any CPU = Release|Any CPU
	EndGlobalSection
	GlobalSection(ProjectConfigurationPlatforms) = postSolution
		{B3516CE9-AB86-406B-BCEB-612261FB42CC}.Debug|Any CPU.ActiveCfg = Debug|Any CPU
		{B3516CE9-AB86-406B-BCEB-612261FB42CC}.Debug|Any CPU.Build.0 = Debug|Any CPU
		{B3516CE9-AB86-406B-BCEB-612261FB42CC}.Release|Any CPU.ActiveCfg = Release|Any CPU
		{B3516CE9-AB86-406B-BCEB-612261FB42CC}.Release|Any CPU.Build.0 = Release|Any CPU
	EndGlobalSection
	GlobalSection(SolutionProperties) = preSolution
		HideSolutionNode = FALSE
	EndGlobalSection
	GlobalSection(ExtensibilityGlobals) = postSolution
		SolutionGuid = {58F194A6-A865-49A2-93B1-CFB5DCA7F6F0}
	EndGlobalSection
EndGlobal
